// !$*UTF8*$!
{
	archiveVersion = 1;
	classes = {
	};
	objectVersion = 46;
	objects = {

/* Begin PBXBuildFile section */
		B7273E64E75B13E4E1CF299E /* Pods_Snowball_RunnerUITests.framework in Frameworks */ = {isa = PBXBuildFile; fileRef = 282708924F29E1D2FB07F9DD /* Pods_Snowball_RunnerUITests.framework */; };
		C5FB4FDF1F60738460E73278 /* Pods_Snowball_Runner.framework in Frameworks */ = {isa = PBXBuildFile; fileRef = E4208EDEC7466B1DE98F3855 /* Pods_Snowball_Runner.framework */; };
		DC0EB1BA1D3FEE9000C9A911 /* Terrain.swift in Sources */ = {isa = PBXBuildFile; fileRef = DC0EB1B91D3FEE9000C9A911 /* Terrain.swift */; };
		DC1D29CC1D4A749E00D77E35 /* GameOverScene.sks in Resources */ = {isa = PBXBuildFile; fileRef = DC1D29CB1D4A749E00D77E35 /* GameOverScene.sks */; };
		DC218F4B1D341413009152CF /* AppDelegate.swift in Sources */ = {isa = PBXBuildFile; fileRef = DC218F4A1D341413009152CF /* AppDelegate.swift */; };
		DC218F4D1D341413009152CF /* GameScene.sks in Resources */ = {isa = PBXBuildFile; fileRef = DC218F4C1D341413009152CF /* GameScene.sks */; };
		DC218F4F1D341413009152CF /* GameScene.swift in Sources */ = {isa = PBXBuildFile; fileRef = DC218F4E1D341413009152CF /* GameScene.swift */; };
		DC218F511D341413009152CF /* GameViewController.swift in Sources */ = {isa = PBXBuildFile; fileRef = DC218F501D341413009152CF /* GameViewController.swift */; };
		DC218F541D341413009152CF /* Main.storyboard in Resources */ = {isa = PBXBuildFile; fileRef = DC218F521D341413009152CF /* Main.storyboard */; };
		DC218F591D341413009152CF /* LaunchScreen.storyboard in Resources */ = {isa = PBXBuildFile; fileRef = DC218F571D341413009152CF /* LaunchScreen.storyboard */; };
		DC218F641D341413009152CF /* Snowball_RunnerTests.swift in Sources */ = {isa = PBXBuildFile; fileRef = DC218F631D341413009152CF /* Snowball_RunnerTests.swift */; };
		DC218F6F1D341413009152CF /* Snowball_RunnerUITests.swift in Sources */ = {isa = PBXBuildFile; fileRef = DC218F6E1D341413009152CF /* Snowball_RunnerUITests.swift */; };
		DC6C027F1D46BA4C004BC1C1 /* Boulder.swift in Sources */ = {isa = PBXBuildFile; fileRef = DC6C027E1D46BA4C004BC1C1 /* Boulder.swift */; };
		DCCDAB541D4A777500A0DC46 /* GameEffects.sks in Resources */ = {isa = PBXBuildFile; fileRef = DCCDAB531D4A777500A0DC46 /* GameEffects.sks */; };
		DCCDAB561D4A7DE000A0DC46 /* GameOverScene.swift in Sources */ = {isa = PBXBuildFile; fileRef = DCCDAB551D4A7DE000A0DC46 /* GameOverScene.swift */; };
		DCDE308B1D4BD4390005AFEE /* Snow.sks in Resources */ = {isa = PBXBuildFile; fileRef = DCDE30891D4BD4390005AFEE /* Snow.sks */; };
		DCDE308C1D4BD4390005AFEE /* spark.png in Resources */ = {isa = PBXBuildFile; fileRef = DCDE308A1D4BD4390005AFEE /* spark.png */; };
		DCEFBC711D3D4B4D00BF22BE /* MainScene.sks in Resources */ = {isa = PBXBuildFile; fileRef = DCEFBC701D3D4B4D00BF22BE /* MainScene.sks */; };
		DCEFBC731D3D4C3A00BF22BE /* MSButtonNode.swift in Sources */ = {isa = PBXBuildFile; fileRef = DCEFBC721D3D4C3A00BF22BE /* MSButtonNode.swift */; };
		DCEFBC751D3D4C7400BF22BE /* MainScene.swift in Sources */ = {isa = PBXBuildFile; fileRef = DCEFBC741D3D4C7400BF22BE /* MainScene.swift */; };
		DCF0512D1D42B5CA0059DB0E /* Assets.xcassets in Resources */ = {isa = PBXBuildFile; fileRef = DCF0512C1D42B5CA0059DB0E /* Assets.xcassets */; };
		FAA911B1D913F9EF4B079F0C /* Pods_Snowball_RunnerTests.framework in Frameworks */ = {isa = PBXBuildFile; fileRef = 7C42E40114F7D5235F7D5CE5 /* Pods_Snowball_RunnerTests.framework */; };
/* End PBXBuildFile section */

/* Begin PBXContainerItemProxy section */
		DC218F601D341413009152CF /* PBXContainerItemProxy */ = {
			isa = PBXContainerItemProxy;
			containerPortal = DC218F3F1D341412009152CF /* Project object */;
			proxyType = 1;
			remoteGlobalIDString = DC218F461D341412009152CF;
			remoteInfo = "Snowball Runner";
		};
		DC218F6B1D341413009152CF /* PBXContainerItemProxy */ = {
			isa = PBXContainerItemProxy;
			containerPortal = DC218F3F1D341412009152CF /* Project object */;
			proxyType = 1;
			remoteGlobalIDString = DC218F461D341412009152CF;
			remoteInfo = "Snowball Runner";
		};
/* End PBXContainerItemProxy section */

/* Begin PBXFileReference section */
		282708924F29E1D2FB07F9DD /* Pods_Snowball_RunnerUITests.framework */ = {isa = PBXFileReference; explicitFileType = wrapper.framework; includeInIndex = 0; path = Pods_Snowball_RunnerUITests.framework; sourceTree = BUILT_PRODUCTS_DIR; };
		2B746C26F8B420DF58C57957 /* Pods-Snowball RunnerTests.debug.xcconfig */ = {isa = PBXFileReference; includeInIndex = 1; lastKnownFileType = text.xcconfig; name = "Pods-Snowball RunnerTests.debug.xcconfig"; path = "Pods/Target Support Files/Pods-Snowball RunnerTests/Pods-Snowball RunnerTests.debug.xcconfig"; sourceTree = "<group>"; };
		2F7B4340C21181C93FA6B785 /* Pods-Snowball RunnerUITests.debug.xcconfig */ = {isa = PBXFileReference; includeInIndex = 1; lastKnownFileType = text.xcconfig; name = "Pods-Snowball RunnerUITests.debug.xcconfig"; path = "Pods/Target Support Files/Pods-Snowball RunnerUITests/Pods-Snowball RunnerUITests.debug.xcconfig"; sourceTree = "<group>"; };
		3D957F87786630DE41F77613 /* Pods-Snowball RunnerUITests.release.xcconfig */ = {isa = PBXFileReference; includeInIndex = 1; lastKnownFileType = text.xcconfig; name = "Pods-Snowball RunnerUITests.release.xcconfig"; path = "Pods/Target Support Files/Pods-Snowball RunnerUITests/Pods-Snowball RunnerUITests.release.xcconfig"; sourceTree = "<group>"; };
		74E2807B480C7F3BE7807C03 /* Pods-Snowball RunnerTests.release.xcconfig */ = {isa = PBXFileReference; includeInIndex = 1; lastKnownFileType = text.xcconfig; name = "Pods-Snowball RunnerTests.release.xcconfig"; path = "Pods/Target Support Files/Pods-Snowball RunnerTests/Pods-Snowball RunnerTests.release.xcconfig"; sourceTree = "<group>"; };
		7C42E40114F7D5235F7D5CE5 /* Pods_Snowball_RunnerTests.framework */ = {isa = PBXFileReference; explicitFileType = wrapper.framework; includeInIndex = 0; path = Pods_Snowball_RunnerTests.framework; sourceTree = BUILT_PRODUCTS_DIR; };
		911AF7ABF1B2F8EAF7C4B202 /* Pods-Snowball Runner.debug.xcconfig */ = {isa = PBXFileReference; includeInIndex = 1; lastKnownFileType = text.xcconfig; name = "Pods-Snowball Runner.debug.xcconfig"; path = "Pods/Target Support Files/Pods-Snowball Runner/Pods-Snowball Runner.debug.xcconfig"; sourceTree = "<group>"; };
		9D734B4395FADCBD439A9A7B /* Pods-Snowball Runner.release.xcconfig */ = {isa = PBXFileReference; includeInIndex = 1; lastKnownFileType = text.xcconfig; name = "Pods-Snowball Runner.release.xcconfig"; path = "Pods/Target Support Files/Pods-Snowball Runner/Pods-Snowball Runner.release.xcconfig"; sourceTree = "<group>"; };
		DC0EB1B91D3FEE9000C9A911 /* Terrain.swift */ = {isa = PBXFileReference; fileEncoding = 4; lastKnownFileType = sourcecode.swift; path = Terrain.swift; sourceTree = "<group>"; };
		DC1D29CB1D4A749E00D77E35 /* GameOverScene.sks */ = {isa = PBXFileReference; lastKnownFileType = file.sks; path = GameOverScene.sks; sourceTree = "<group>"; };
		DC218F471D341412009152CF /* Snowball Runner.app */ = {isa = PBXFileReference; explicitFileType = wrapper.application; includeInIndex = 0; path = "Snowball Runner.app"; sourceTree = BUILT_PRODUCTS_DIR; };
		DC218F4A1D341413009152CF /* AppDelegate.swift */ = {isa = PBXFileReference; lastKnownFileType = sourcecode.swift; path = AppDelegate.swift; sourceTree = "<group>"; };
		DC218F4C1D341413009152CF /* GameScene.sks */ = {isa = PBXFileReference; lastKnownFileType = file.sks; path = GameScene.sks; sourceTree = "<group>"; };
		DC218F4E1D341413009152CF /* GameScene.swift */ = {isa = PBXFileReference; lastKnownFileType = sourcecode.swift; path = GameScene.swift; sourceTree = "<group>"; };
		DC218F501D341413009152CF /* GameViewController.swift */ = {isa = PBXFileReference; lastKnownFileType = sourcecode.swift; path = GameViewController.swift; sourceTree = "<group>"; };
		DC218F531D341413009152CF /* Base */ = {isa = PBXFileReference; lastKnownFileType = file.storyboard; name = Base; path = Base.lproj/Main.storyboard; sourceTree = "<group>"; };
		DC218F581D341413009152CF /* Base */ = {isa = PBXFileReference; lastKnownFileType = file.storyboard; name = Base; path = Base.lproj/LaunchScreen.storyboard; sourceTree = "<group>"; };
		DC218F5A1D341413009152CF /* Info.plist */ = {isa = PBXFileReference; lastKnownFileType = text.plist.xml; path = Info.plist; sourceTree = "<group>"; };
		DC218F5F1D341413009152CF /* Snowball RunnerTests.xctest */ = {isa = PBXFileReference; explicitFileType = wrapper.cfbundle; includeInIndex = 0; path = "Snowball RunnerTests.xctest"; sourceTree = BUILT_PRODUCTS_DIR; };
		DC218F631D341413009152CF /* Snowball_RunnerTests.swift */ = {isa = PBXFileReference; lastKnownFileType = sourcecode.swift; path = Snowball_RunnerTests.swift; sourceTree = "<group>"; };
		DC218F651D341413009152CF /* Info.plist */ = {isa = PBXFileReference; lastKnownFileType = text.plist.xml; path = Info.plist; sourceTree = "<group>"; };
		DC218F6A1D341413009152CF /* Snowball RunnerUITests.xctest */ = {isa = PBXFileReference; explicitFileType = wrapper.cfbundle; includeInIndex = 0; path = "Snowball RunnerUITests.xctest"; sourceTree = BUILT_PRODUCTS_DIR; };
		DC218F6E1D341413009152CF /* Snowball_RunnerUITests.swift */ = {isa = PBXFileReference; lastKnownFileType = sourcecode.swift; path = Snowball_RunnerUITests.swift; sourceTree = "<group>"; };
		DC218F701D341413009152CF /* Info.plist */ = {isa = PBXFileReference; lastKnownFileType = text.plist.xml; path = Info.plist; sourceTree = "<group>"; };
		DC6C027E1D46BA4C004BC1C1 /* Boulder.swift */ = {isa = PBXFileReference; fileEncoding = 4; lastKnownFileType = sourcecode.swift; path = Boulder.swift; sourceTree = "<group>"; };
		DCCDAB531D4A777500A0DC46 /* GameEffects.sks */ = {isa = PBXFileReference; lastKnownFileType = file.sks; path = GameEffects.sks; sourceTree = "<group>"; };
		DCCDAB551D4A7DE000A0DC46 /* GameOverScene.swift */ = {isa = PBXFileReference; fileEncoding = 4; lastKnownFileType = sourcecode.swift; path = GameOverScene.swift; sourceTree = "<group>"; };
		DCDE30891D4BD4390005AFEE /* Snow.sks */ = {isa = PBXFileReference; lastKnownFileType = file.sks; path = Snow.sks; sourceTree = "<group>"; };
		DCDE308A1D4BD4390005AFEE /* spark.png */ = {isa = PBXFileReference; lastKnownFileType = image.png; path = spark.png; sourceTree = "<group>"; };
		DCEFBC701D3D4B4D00BF22BE /* MainScene.sks */ = {isa = PBXFileReference; lastKnownFileType = file.sks; path = MainScene.sks; sourceTree = "<group>"; };
		DCEFBC721D3D4C3A00BF22BE /* MSButtonNode.swift */ = {isa = PBXFileReference; fileEncoding = 4; lastKnownFileType = sourcecode.swift; path = MSButtonNode.swift; sourceTree = "<group>"; };
		DCEFBC741D3D4C7400BF22BE /* MainScene.swift */ = {isa = PBXFileReference; fileEncoding = 4; lastKnownFileType = sourcecode.swift; path = MainScene.swift; sourceTree = "<group>"; };
		DCF0512C1D42B5CA0059DB0E /* Assets.xcassets */ = {isa = PBXFileReference; lastKnownFileType = folder.assetcatalog; path = Assets.xcassets; sourceTree = "<group>"; };
		E4208EDEC7466B1DE98F3855 /* Pods_Snowball_Runner.framework */ = {isa = PBXFileReference; explicitFileType = wrapper.framework; includeInIndex = 0; path = Pods_Snowball_Runner.framework; sourceTree = BUILT_PRODUCTS_DIR; };
/* End PBXFileReference section */

/* Begin PBXFrameworksBuildPhase section */
		DC218F441D341412009152CF /* Frameworks */ = {
			isa = PBXFrameworksBuildPhase;
			buildActionMask = 2147483647;
			files = (
				C5FB4FDF1F60738460E73278 /* Pods_Snowball_Runner.framework in Frameworks */,
			);
			runOnlyForDeploymentPostprocessing = 0;
		};
		DC218F5C1D341413009152CF /* Frameworks */ = {
			isa = PBXFrameworksBuildPhase;
			buildActionMask = 2147483647;
			files = (
				FAA911B1D913F9EF4B079F0C /* Pods_Snowball_RunnerTests.framework in Frameworks */,
			);
			runOnlyForDeploymentPostprocessing = 0;
		};
		DC218F671D341413009152CF /* Frameworks */ = {
			isa = PBXFrameworksBuildPhase;
			buildActionMask = 2147483647;
			files = (
				B7273E64E75B13E4E1CF299E /* Pods_Snowball_RunnerUITests.framework in Frameworks */,
			);
			runOnlyForDeploymentPostprocessing = 0;
		};
/* End PBXFrameworksBuildPhase section */

/* Begin PBXGroup section */
		8DEB5FA564B93B412D5B7204 /* Pods */ = {
			isa = PBXGroup;
			children = (
				911AF7ABF1B2F8EAF7C4B202 /* Pods-Snowball Runner.debug.xcconfig */,
				9D734B4395FADCBD439A9A7B /* Pods-Snowball Runner.release.xcconfig */,
				2B746C26F8B420DF58C57957 /* Pods-Snowball RunnerTests.debug.xcconfig */,
				74E2807B480C7F3BE7807C03 /* Pods-Snowball RunnerTests.release.xcconfig */,
				2F7B4340C21181C93FA6B785 /* Pods-Snowball RunnerUITests.debug.xcconfig */,
				3D957F87786630DE41F77613 /* Pods-Snowball RunnerUITests.release.xcconfig */,
			);
			name = Pods;
			sourceTree = "<group>";
		};
		DC218F3E1D341412009152CF = {
			isa = PBXGroup;
			children = (
				DC218F491D341413009152CF /* Snowball Runner */,
				DC218F621D341413009152CF /* Snowball RunnerTests */,
				DC218F6D1D341413009152CF /* Snowball RunnerUITests */,
				DC218F481D341412009152CF /* Products */,
				8DEB5FA564B93B412D5B7204 /* Pods */,
				FE8C37F3F869E69F08AEC823 /* Frameworks */,
			);
			sourceTree = "<group>";
		};
		DC218F481D341412009152CF /* Products */ = {
			isa = PBXGroup;
			children = (
				DC218F471D341412009152CF /* Snowball Runner.app */,
				DC218F5F1D341413009152CF /* Snowball RunnerTests.xctest */,
				DC218F6A1D341413009152CF /* Snowball RunnerUITests.xctest */,
			);
			name = Products;
			sourceTree = "<group>";
		};
		DC218F491D341413009152CF /* Snowball Runner */ = {
			isa = PBXGroup;
			children = (
				DCEFBC721D3D4C3A00BF22BE /* MSButtonNode.swift */,
				DC218F4A1D341413009152CF /* AppDelegate.swift */,
				DC6C027E1D46BA4C004BC1C1 /* Boulder.swift */,
				DC0EB1B91D3FEE9000C9A911 /* Terrain.swift */,
				DCDE30891D4BD4390005AFEE /* Snow.sks */,
				DCDE308A1D4BD4390005AFEE /* spark.png */,
				DCCDAB531D4A777500A0DC46 /* GameEffects.sks */,
				DC218F4C1D341413009152CF /* GameScene.sks */,
				DC218F4E1D341413009152CF /* GameScene.swift */,
				DCEFBC701D3D4B4D00BF22BE /* MainScene.sks */,
				DCEFBC741D3D4C7400BF22BE /* MainScene.swift */,
				DC1D29CB1D4A749E00D77E35 /* GameOverScene.sks */,
				DCCDAB551D4A7DE000A0DC46 /* GameOverScene.swift */,
				DC218F501D341413009152CF /* GameViewController.swift */,
				DC218F521D341413009152CF /* Main.storyboard */,
				DC218F571D341413009152CF /* LaunchScreen.storyboard */,
				DCF0512C1D42B5CA0059DB0E /* Assets.xcassets */,
				DC218F5A1D341413009152CF /* Info.plist */,
			);
			path = "Snowball Runner";
			sourceTree = "<group>";
		};
		DC218F621D341413009152CF /* Snowball RunnerTests */ = {
			isa = PBXGroup;
			children = (
				DC218F631D341413009152CF /* Snowball_RunnerTests.swift */,
				DC218F651D341413009152CF /* Info.plist */,
			);
			path = "Snowball RunnerTests";
			sourceTree = "<group>";
		};
		DC218F6D1D341413009152CF /* Snowball RunnerUITests */ = {
			isa = PBXGroup;
			children = (
				DC218F6E1D341413009152CF /* Snowball_RunnerUITests.swift */,
				DC218F701D341413009152CF /* Info.plist */,
			);
			path = "Snowball RunnerUITests";
			sourceTree = "<group>";
		};
		FE8C37F3F869E69F08AEC823 /* Frameworks */ = {
			isa = PBXGroup;
			children = (
				E4208EDEC7466B1DE98F3855 /* Pods_Snowball_Runner.framework */,
				7C42E40114F7D5235F7D5CE5 /* Pods_Snowball_RunnerTests.framework */,
				282708924F29E1D2FB07F9DD /* Pods_Snowball_RunnerUITests.framework */,
			);
			name = Frameworks;
			sourceTree = "<group>";
		};
/* End PBXGroup section */

/* Begin PBXNativeTarget section */
		DC218F461D341412009152CF /* Snowball Runner */ = {
			isa = PBXNativeTarget;
			buildConfigurationList = DC218F731D341413009152CF /* Build configuration list for PBXNativeTarget "Snowball Runner" */;
			buildPhases = (
				0662249A37119C70732BC2F1 /* [CP] Check Pods Manifest.lock */,
				DC218F431D341412009152CF /* Sources */,
				DC218F441D341412009152CF /* Frameworks */,
				DC218F451D341412009152CF /* Resources */,
				D915B0A5262814DCA83748AC /* [CP] Embed Pods Frameworks */,
				B2B331FB26EFBB7271220653 /* [CP] Copy Pods Resources */,
			);
			buildRules = (
			);
			dependencies = (
			);
			name = "Snowball Runner";
			productName = "Snowball Runner";
			productReference = DC218F471D341412009152CF /* Snowball Runner.app */;
			productType = "com.apple.product-type.application";
		};
		DC218F5E1D341413009152CF /* Snowball RunnerTests */ = {
			isa = PBXNativeTarget;
			buildConfigurationList = DC218F761D341413009152CF /* Build configuration list for PBXNativeTarget "Snowball RunnerTests" */;
			buildPhases = (
				0FFD9F27872069BB67F71D55 /* [CP] Check Pods Manifest.lock */,
				DC218F5B1D341413009152CF /* Sources */,
				DC218F5C1D341413009152CF /* Frameworks */,
				DC218F5D1D341413009152CF /* Resources */,
				158C1A983B7E3B749A1E0DE7 /* [CP] Embed Pods Frameworks */,
				80B76C44402804F90AA30AA1 /* [CP] Copy Pods Resources */,
			);
			buildRules = (
			);
			dependencies = (
				DC218F611D341413009152CF /* PBXTargetDependency */,
			);
			name = "Snowball RunnerTests";
			productName = "Snowball RunnerTests";
			productReference = DC218F5F1D341413009152CF /* Snowball RunnerTests.xctest */;
			productType = "com.apple.product-type.bundle.unit-test";
		};
		DC218F691D341413009152CF /* Snowball RunnerUITests */ = {
			isa = PBXNativeTarget;
			buildConfigurationList = DC218F791D341413009152CF /* Build configuration list for PBXNativeTarget "Snowball RunnerUITests" */;
			buildPhases = (
				966C8E257F9BEB462DFE246A /* [CP] Check Pods Manifest.lock */,
				DC218F661D341413009152CF /* Sources */,
				DC218F671D341413009152CF /* Frameworks */,
				DC218F681D341413009152CF /* Resources */,
				488F860ED8B64E441EAFD235 /* [CP] Copy Pods Resources */,
			);
			buildRules = (
			);
			dependencies = (
				DC218F6C1D341413009152CF /* PBXTargetDependency */,
			);
			name = "Snowball RunnerUITests";
			productName = "Snowball RunnerUITests";
			productReference = DC218F6A1D341413009152CF /* Snowball RunnerUITests.xctest */;
			productType = "com.apple.product-type.bundle.ui-testing";
		};
/* End PBXNativeTarget section */

/* Begin PBXProject section */
		DC218F3F1D341412009152CF /* Project object */ = {
			isa = PBXProject;
			attributes = {
				LastSwiftUpdateCheck = 0730;
				LastUpgradeCheck = 0730;
				ORGANIZATIONNAME = patcai;
				TargetAttributes = {
					DC218F461D341412009152CF = {
						CreatedOnToolsVersion = 7.3.1;
					};
					DC218F5E1D341413009152CF = {
						CreatedOnToolsVersion = 7.3.1;
						TestTargetID = DC218F461D341412009152CF;
					};
					DC218F691D341413009152CF = {
						CreatedOnToolsVersion = 7.3.1;
						TestTargetID = DC218F461D341412009152CF;
					};
				};
			};
			buildConfigurationList = DC218F421D341412009152CF /* Build configuration list for PBXProject "Snowball Runner" */;
			compatibilityVersion = "Xcode 3.2";
			developmentRegion = English;
			hasScannedForEncodings = 0;
			knownRegions = (
				en,
				Base,
			);
			mainGroup = DC218F3E1D341412009152CF;
			productRefGroup = DC218F481D341412009152CF /* Products */;
			projectDirPath = "";
			projectRoot = "";
			targets = (
				DC218F461D341412009152CF /* Snowball Runner */,
				DC218F5E1D341413009152CF /* Snowball RunnerTests */,
				DC218F691D341413009152CF /* Snowball RunnerUITests */,
			);
		};
/* End PBXProject section */

/* Begin PBXResourcesBuildPhase section */
		DC218F451D341412009152CF /* Resources */ = {
			isa = PBXResourcesBuildPhase;
			buildActionMask = 2147483647;
			files = (
				DCCDAB541D4A777500A0DC46 /* GameEffects.sks in Resources */,
				DCDE308C1D4BD4390005AFEE /* spark.png in Resources */,
				DC1D29CC1D4A749E00D77E35 /* GameOverScene.sks in Resources */,
				DC218F4D1D341413009152CF /* GameScene.sks in Resources */,
				DC218F591D341413009152CF /* LaunchScreen.storyboard in Resources */,
				DC218F541D341413009152CF /* Main.storyboard in Resources */,
				DCF0512D1D42B5CA0059DB0E /* Assets.xcassets in Resources */,
				DCDE308B1D4BD4390005AFEE /* Snow.sks in Resources */,
				DCEFBC711D3D4B4D00BF22BE /* MainScene.sks in Resources */,
			);
			runOnlyForDeploymentPostprocessing = 0;
		};
		DC218F5D1D341413009152CF /* Resources */ = {
			isa = PBXResourcesBuildPhase;
			buildActionMask = 2147483647;
			files = (
			);
			runOnlyForDeploymentPostprocessing = 0;
		};
		DC218F681D341413009152CF /* Resources */ = {
			isa = PBXResourcesBuildPhase;
			buildActionMask = 2147483647;
			files = (
			);
			runOnlyForDeploymentPostprocessing = 0;
		};
/* End PBXResourcesBuildPhase section */

/* Begin PBXShellScriptBuildPhase section */
		0662249A37119C70732BC2F1 /* [CP] Check Pods Manifest.lock */ = {
			isa = PBXShellScriptBuildPhase;
			buildActionMask = 2147483647;
			files = (
			);
			inputPaths = (
			);
			name = "[CP] Check Pods Manifest.lock";
			outputPaths = (
			);
			runOnlyForDeploymentPostprocessing = 0;
			shellPath = /bin/sh;
			shellScript = "diff \"${PODS_ROOT}/../Podfile.lock\" \"${PODS_ROOT}/Manifest.lock\" > /dev/null\nif [[ $? != 0 ]] ; then\n    cat << EOM\nerror: The sandbox is not in sync with the Podfile.lock. Run 'pod install' or update your CocoaPods installation.\nEOM\n    exit 1\nfi\n";
			showEnvVarsInLog = 0;
		};
		0FFD9F27872069BB67F71D55 /* [CP] Check Pods Manifest.lock */ = {
			isa = PBXShellScriptBuildPhase;
			buildActionMask = 2147483647;
			files = (
			);
			inputPaths = (
			);
			name = "[CP] Check Pods Manifest.lock";
			outputPaths = (
			);
			runOnlyForDeploymentPostprocessing = 0;
			shellPath = /bin/sh;
			shellScript = "diff \"${PODS_ROOT}/../Podfile.lock\" \"${PODS_ROOT}/Manifest.lock\" > /dev/null\nif [[ $? != 0 ]] ; then\n    cat << EOM\nerror: The sandbox is not in sync with the Podfile.lock. Run 'pod install' or update your CocoaPods installation.\nEOM\n    exit 1\nfi\n";
			showEnvVarsInLog = 0;
		};
		158C1A983B7E3B749A1E0DE7 /* [CP] Embed Pods Frameworks */ = {
			isa = PBXShellScriptBuildPhase;
			buildActionMask = 2147483647;
			files = (
			);
			inputPaths = (
			);
			name = "[CP] Embed Pods Frameworks";
			outputPaths = (
			);
			runOnlyForDeploymentPostprocessing = 0;
			shellPath = /bin/sh;
			shellScript = "\"${SRCROOT}/Pods/Target Support Files/Pods-Snowball RunnerTests/Pods-Snowball RunnerTests-frameworks.sh\"\n";
			showEnvVarsInLog = 0;
		};
		488F860ED8B64E441EAFD235 /* [CP] Copy Pods Resources */ = {
			isa = PBXShellScriptBuildPhase;
			buildActionMask = 2147483647;
			files = (
			);
			inputPaths = (
			);
			name = "[CP] Copy Pods Resources";
			outputPaths = (
			);
			runOnlyForDeploymentPostprocessing = 0;
			shellPath = /bin/sh;
			shellScript = "\"${SRCROOT}/Pods/Target Support Files/Pods-Snowball RunnerUITests/Pods-Snowball RunnerUITests-resources.sh\"\n";
			showEnvVarsInLog = 0;
		};
		80B76C44402804F90AA30AA1 /* [CP] Copy Pods Resources */ = {
			isa = PBXShellScriptBuildPhase;
			buildActionMask = 2147483647;
			files = (
			);
			inputPaths = (
			);
			name = "[CP] Copy Pods Resources";
			outputPaths = (
			);
			runOnlyForDeploymentPostprocessing = 0;
			shellPath = /bin/sh;
			shellScript = "\"${SRCROOT}/Pods/Target Support Files/Pods-Snowball RunnerTests/Pods-Snowball RunnerTests-resources.sh\"\n";
			showEnvVarsInLog = 0;
		};
		966C8E257F9BEB462DFE246A /* [CP] Check Pods Manifest.lock */ = {
			isa = PBXShellScriptBuildPhase;
			buildActionMask = 2147483647;
			files = (
			);
			inputPaths = (
			);
			name = "[CP] Check Pods Manifest.lock";
			outputPaths = (
			);
			runOnlyForDeploymentPostprocessing = 0;
			shellPath = /bin/sh;
			shellScript = "diff \"${PODS_ROOT}/../Podfile.lock\" \"${PODS_ROOT}/Manifest.lock\" > /dev/null\nif [[ $? != 0 ]] ; then\n    cat << EOM\nerror: The sandbox is not in sync with the Podfile.lock. Run 'pod install' or update your CocoaPods installation.\nEOM\n    exit 1\nfi\n";
			showEnvVarsInLog = 0;
		};
		B2B331FB26EFBB7271220653 /* [CP] Copy Pods Resources */ = {
			isa = PBXShellScriptBuildPhase;
			buildActionMask = 2147483647;
			files = (
			);
			inputPaths = (
			);
			name = "[CP] Copy Pods Resources";
			outputPaths = (
			);
			runOnlyForDeploymentPostprocessing = 0;
			shellPath = /bin/sh;
			shellScript = "\"${SRCROOT}/Pods/Target Support Files/Pods-Snowball Runner/Pods-Snowball Runner-resources.sh\"\n";
			showEnvVarsInLog = 0;
		};
		D915B0A5262814DCA83748AC /* [CP] Embed Pods Frameworks */ = {
			isa = PBXShellScriptBuildPhase;
			buildActionMask = 2147483647;
			files = (
			);
			inputPaths = (
			);
			name = "[CP] Embed Pods Frameworks";
			outputPaths = (
			);
			runOnlyForDeploymentPostprocessing = 0;
			shellPath = /bin/sh;
			shellScript = "\"${SRCROOT}/Pods/Target Support Files/Pods-Snowball Runner/Pods-Snowball Runner-frameworks.sh\"\n";
			showEnvVarsInLog = 0;
		};
/* End PBXShellScriptBuildPhase section */

/* Begin PBXSourcesBuildPhase section */
		DC218F431D341412009152CF /* Sources */ = {
			isa = PBXSourcesBuildPhase;
			buildActionMask = 2147483647;
			files = (
				DC218F4F1D341413009152CF /* GameScene.swift in Sources */,
				DC0EB1BA1D3FEE9000C9A911 /* Terrain.swift in Sources */,
				DCCDAB561D4A7DE000A0DC46 /* GameOverScene.swift in Sources */,
				DC6C027F1D46BA4C004BC1C1 /* Boulder.swift in Sources */,
				DC218F511D341413009152CF /* GameViewController.swift in Sources */,
				DC218F4B1D341413009152CF /* AppDelegate.swift in Sources */,
				DCEFBC751D3D4C7400BF22BE /* MainScene.swift in Sources */,
				DCEFBC731D3D4C3A00BF22BE /* MSButtonNode.swift in Sources */,
			);
			runOnlyForDeploymentPostprocessing = 0;
		};
		DC218F5B1D341413009152CF /* Sources */ = {
			isa = PBXSourcesBuildPhase;
			buildActionMask = 2147483647;
			files = (
				DC218F641D341413009152CF /* Snowball_RunnerTests.swift in Sources */,
			);
			runOnlyForDeploymentPostprocessing = 0;
		};
		DC218F661D341413009152CF /* Sources */ = {
			isa = PBXSourcesBuildPhase;
			buildActionMask = 2147483647;
			files = (
				DC218F6F1D341413009152CF /* Snowball_RunnerUITests.swift in Sources */,
			);
			runOnlyForDeploymentPostprocessing = 0;
		};
/* End PBXSourcesBuildPhase section */

/* Begin PBXTargetDependency section */
		DC218F611D341413009152CF /* PBXTargetDependency */ = {
			isa = PBXTargetDependency;
			target = DC218F461D341412009152CF /* Snowball Runner */;
			targetProxy = DC218F601D341413009152CF /* PBXContainerItemProxy */;
		};
		DC218F6C1D341413009152CF /* PBXTargetDependency */ = {
			isa = PBXTargetDependency;
			target = DC218F461D341412009152CF /* Snowball Runner */;
			targetProxy = DC218F6B1D341413009152CF /* PBXContainerItemProxy */;
		};
/* End PBXTargetDependency section */

/* Begin PBXVariantGroup section */
		DC218F521D341413009152CF /* Main.storyboard */ = {
			isa = PBXVariantGroup;
			children = (
				DC218F531D341413009152CF /* Base */,
			);
			name = Main.storyboard;
			sourceTree = "<group>";
		};
		DC218F571D341413009152CF /* LaunchScreen.storyboard */ = {
			isa = PBXVariantGroup;
			children = (
				DC218F581D341413009152CF /* Base */,
			);
			name = LaunchScreen.storyboard;
			sourceTree = "<group>";
		};
/* End PBXVariantGroup section */

/* Begin XCBuildConfiguration section */
		DC218F711D341413009152CF /* Debug */ = {
			isa = XCBuildConfiguration;
			buildSettings = {
				ALWAYS_SEARCH_USER_PATHS = NO;
				CLANG_ANALYZER_NONNULL = YES;
				CLANG_CXX_LANGUAGE_STANDARD = "gnu++0x";
				CLANG_CXX_LIBRARY = "libc++";
				CLANG_ENABLE_MODULES = YES;
				CLANG_ENABLE_OBJC_ARC = YES;
				CLANG_WARN_BOOL_CONVERSION = YES;
				CLANG_WARN_CONSTANT_CONVERSION = YES;
				CLANG_WARN_DIRECT_OBJC_ISA_USAGE = YES_ERROR;
				CLANG_WARN_EMPTY_BODY = YES;
				CLANG_WARN_ENUM_CONVERSION = YES;
				CLANG_WARN_INT_CONVERSION = YES;
				CLANG_WARN_OBJC_ROOT_CLASS = YES_ERROR;
				CLANG_WARN_UNREACHABLE_CODE = YES;
				CLANG_WARN__DUPLICATE_METHOD_MATCH = YES;
				"CODE_SIGN_IDENTITY[sdk=iphoneos*]" = "iPhone Developer";
				COPY_PHASE_STRIP = NO;
				DEBUG_INFORMATION_FORMAT = "dwarf-with-dsym";
				ENABLE_STRICT_OBJC_MSGSEND = YES;
				ENABLE_TESTABILITY = YES;
				GCC_C_LANGUAGE_STANDARD = gnu99;
				GCC_DYNAMIC_NO_PIC = NO;
				GCC_NO_COMMON_BLOCKS = YES;
				GCC_OPTIMIZATION_LEVEL = 0;
				GCC_PREPROCESSOR_DEFINITIONS = (
					"DEBUG=1",
					"$(inherited)",
				);
				GCC_WARN_64_TO_32_BIT_CONVERSION = YES;
				GCC_WARN_ABOUT_RETURN_TYPE = YES_ERROR;
				GCC_WARN_UNDECLARED_SELECTOR = YES;
				GCC_WARN_UNINITIALIZED_AUTOS = YES_AGGRESSIVE;
				GCC_WARN_UNUSED_FUNCTION = YES;
				GCC_WARN_UNUSED_VARIABLE = YES;
				IPHONEOS_DEPLOYMENT_TARGET = 9.3;
				MTL_ENABLE_DEBUG_INFO = YES;
				ONLY_ACTIVE_ARCH = YES;
				SDKROOT = iphoneos;
				SWIFT_OPTIMIZATION_LEVEL = "-Onone";
				TARGETED_DEVICE_FAMILY = "1,2";
			};
			name = Debug;
		};
		DC218F721D341413009152CF /* Release */ = {
			isa = XCBuildConfiguration;
			buildSettings = {
				ALWAYS_SEARCH_USER_PATHS = NO;
				CLANG_ANALYZER_NONNULL = YES;
				CLANG_CXX_LANGUAGE_STANDARD = "gnu++0x";
				CLANG_CXX_LIBRARY = "libc++";
				CLANG_ENABLE_MODULES = YES;
				CLANG_ENABLE_OBJC_ARC = YES;
				CLANG_WARN_BOOL_CONVERSION = YES;
				CLANG_WARN_CONSTANT_CONVERSION = YES;
				CLANG_WARN_DIRECT_OBJC_ISA_USAGE = YES_ERROR;
				CLANG_WARN_EMPTY_BODY = YES;
				CLANG_WARN_ENUM_CONVERSION = YES;
				CLANG_WARN_INT_CONVERSION = YES;
				CLANG_WARN_OBJC_ROOT_CLASS = YES_ERROR;
				CLANG_WARN_UNREACHABLE_CODE = YES;
				CLANG_WARN__DUPLICATE_METHOD_MATCH = YES;
				"CODE_SIGN_IDENTITY[sdk=iphoneos*]" = "iPhone Developer";
				COPY_PHASE_STRIP = NO;
				DEBUG_INFORMATION_FORMAT = "dwarf-with-dsym";
				ENABLE_NS_ASSERTIONS = NO;
				ENABLE_STRICT_OBJC_MSGSEND = YES;
				GCC_C_LANGUAGE_STANDARD = gnu99;
				GCC_NO_COMMON_BLOCKS = YES;
				GCC_WARN_64_TO_32_BIT_CONVERSION = YES;
				GCC_WARN_ABOUT_RETURN_TYPE = YES_ERROR;
				GCC_WARN_UNDECLARED_SELECTOR = YES;
				GCC_WARN_UNINITIALIZED_AUTOS = YES_AGGRESSIVE;
				GCC_WARN_UNUSED_FUNCTION = YES;
				GCC_WARN_UNUSED_VARIABLE = YES;
				IPHONEOS_DEPLOYMENT_TARGET = 9.3;
				MTL_ENABLE_DEBUG_INFO = NO;
				SDKROOT = iphoneos;
				TARGETED_DEVICE_FAMILY = "1,2";
				VALIDATE_PRODUCT = YES;
			};
			name = Release;
		};
		DC218F741D341413009152CF /* Debug */ = {
			isa = XCBuildConfiguration;
			baseConfigurationReference = 911AF7ABF1B2F8EAF7C4B202 /* Pods-Snowball Runner.debug.xcconfig */;
			buildSettings = {
				ASSETCATALOG_COMPILER_APPICON_NAME = AppIcon;
				INFOPLIST_FILE = "Snowball Runner/Info.plist";
				LD_RUNPATH_SEARCH_PATHS = "$(inherited) @executable_path/Frameworks";
				PRODUCT_BUNDLE_IDENTIFIER = "com.patcai.Snowball-Runner";
				PRODUCT_NAME = "$(TARGET_NAME)";
			};
			name = Debug;
		};
		DC218F751D341413009152CF /* Release */ = {
			isa = XCBuildConfiguration;
			baseConfigurationReference = 9D734B4395FADCBD439A9A7B /* Pods-Snowball Runner.release.xcconfig */;
			buildSettings = {
				ASSETCATALOG_COMPILER_APPICON_NAME = AppIcon;
				INFOPLIST_FILE = "Snowball Runner/Info.plist";
				LD_RUNPATH_SEARCH_PATHS = "$(inherited) @executable_path/Frameworks";
				PRODUCT_BUNDLE_IDENTIFIER = "com.patcai.Snowball-Runner";
				PRODUCT_NAME = "$(TARGET_NAME)";
			};
			name = Release;
		};
		DC218F771D341413009152CF /* Debug */ = {
			isa = XCBuildConfiguration;
			baseConfigurationReference = 2B746C26F8B420DF58C57957 /* Pods-Snowball RunnerTests.debug.xcconfig */;
			buildSettings = {
				BUNDLE_LOADER = "$(TEST_HOST)";
				DEBUG_INFORMATION_FORMAT = dwarf;
				INFOPLIST_FILE = "Snowball RunnerTests/Info.plist";
				LD_RUNPATH_SEARCH_PATHS = "$(inherited) @executable_path/Frameworks @loader_path/Frameworks";
				PRODUCT_BUNDLE_IDENTIFIER = "com.patcai.Snowball-RunnerTests";
				PRODUCT_NAME = "$(TARGET_NAME)";
				TEST_HOST = "$(BUILT_PRODUCTS_DIR)/Snowball Runner.app/Snowball Runner";
			};
			name = Debug;
		};
		DC218F781D341413009152CF /* Release */ = {
			isa = XCBuildConfiguration;
			baseConfigurationReference = 74E2807B480C7F3BE7807C03 /* Pods-Snowball RunnerTests.release.xcconfig */;
			buildSettings = {
				BUNDLE_LOADER = "$(TEST_HOST)";
				INFOPLIST_FILE = "Snowball RunnerTests/Info.plist";
				LD_RUNPATH_SEARCH_PATHS = "$(inherited) @executable_path/Frameworks @loader_path/Frameworks";
				PRODUCT_BUNDLE_IDENTIFIER = "com.patcai.Snowball-RunnerTests";
				PRODUCT_NAME = "$(TARGET_NAME)";
				TEST_HOST = "$(BUILT_PRODUCTS_DIR)/Snowball Runner.app/Snowball Runner";
			};
			name = Release;
		};
		DC218F7A1D341413009152CF /* Debug */ = {
			isa = XCBuildConfiguration;
			baseConfigurationReference = 2F7B4340C21181C93FA6B785 /* Pods-Snowball RunnerUITests.debug.xcconfig */;
			buildSettings = {
				DEBUG_INFORMATION_FORMAT = dwarf;
				INFOPLIST_FILE = "Snowball RunnerUITests/Info.plist";
				LD_RUNPATH_SEARCH_PATHS = "$(inherited) @executable_path/Frameworks @loader_path/Frameworks";
				PRODUCT_BUNDLE_IDENTIFIER = "com.patcai.Snowball-RunnerUITests";
				PRODUCT_NAME = "$(TARGET_NAME)";
				TEST_TARGET_NAME = "Snowball Runner";
			};
			name = Debug;
		};
		DC218F7B1D341413009152CF /* Release */ = {
			isa = XCBuildConfiguration;
			baseConfigurationReference = 3D957F87786630DE41F77613 /* Pods-Snowball RunnerUITests.release.xcconfig */;
			buildSettings = {
				INFOPLIST_FILE = "Snowball RunnerUITests/Info.plist";
				LD_RUNPATH_SEARCH_PATHS = "$(inherited) @executable_path/Frameworks @loader_path/Frameworks";
				PRODUCT_BUNDLE_IDENTIFIER = "com.patcai.Snowball-RunnerUITests";
				PRODUCT_NAME = "$(TARGET_NAME)";
				TEST_TARGET_NAME = "Snowball Runner";
			};
			name = Release;
		};
/* End XCBuildConfiguration section */

/* Begin XCConfigurationList section */
		DC218F421D341412009152CF /* Build configuration list for PBXProject "Snowball Runner" */ = {
			isa = XCConfigurationList;
			buildConfigurations = (
				DC218F711D341413009152CF /* Debug */,
				DC218F721D341413009152CF /* Release */,
			);
			defaultConfigurationIsVisible = 0;
			defaultConfigurationName = Release;
		};
		DC218F731D341413009152CF /* Build configuration list for PBXNativeTarget "Snowball Runner" */ = {
			isa = XCConfigurationList;
			buildConfigurations = (
				DC218F741D341413009152CF /* Debug */,
				DC218F751D341413009152CF /* Release */,
			);
			defaultConfigurationIsVisible = 0;
			defaultConfigurationName = Release;
		};
		DC218F761D341413009152CF /* Build configuration list for PBXNativeTarget "Snowball RunnerTests" */ = {
			isa = XCConfigurationList;
			buildConfigurations = (
				DC218F771D341413009152CF /* Debug */,
				DC218F781D341413009152CF /* Release */,
			);
			defaultConfigurationIsVisible = 0;
			defaultConfigurationName = Release;
		};
		DC218F791D341413009152CF /* Build configuration list for PBXNativeTarget "Snowball RunnerUITests" */ = {
			isa = XCConfigurationList;
			buildConfigurations = (
				DC218F7A1D341413009152CF /* Debug */,
				DC218F7B1D341413009152CF /* Release */,
			);
			defaultConfigurationIsVisible = 0;
			defaultConfigurationName = Release;
		};
/* End XCConfigurationList section */
	};
	rootObject = DC218F3F1D341412009152CF /* Project object */;
}
